// !$*UTF8*$!
{
	archiveVersion = 1;
	classes = {
	};
	objectVersion = 46;
	objects = {

/* Begin PBXBuildFile section */
		3AD5034D8CC2F78DFAA3079A /* Pods_Twitter_Clone.framework in Frameworks */ = {isa = PBXBuildFile; fileRef = 7466C0F3BC338AA90A94803C /* Pods_Twitter_Clone.framework */; };
		BE290E431EBCB1B5007DB504 /* Service.swift in Sources */ = {isa = PBXBuildFile; fileRef = BE290E421EBCB1B5007DB504 /* Service.swift */; };
		BE2A00381EB9A80F001EE9F0 /* User.swift in Sources */ = {isa = PBXBuildFile; fileRef = BE2A00371EB9A80F001EE9F0 /* User.swift */; };
		BE6C2A071EB9B666002B9CE2 /* UserCell.swift in Sources */ = {isa = PBXBuildFile; fileRef = BE6C2A061EB9B666002B9CE2 /* UserCell.swift */; };
		BE6C2A091EBA1416002B9CE2 /* HomeDataSourceController+navbar.swift in Sources */ = {isa = PBXBuildFile; fileRef = BE6C2A081EBA1416002B9CE2 /* HomeDataSourceController+navbar.swift */; };
		BE791E7A1EB781CC00EC0539 /* AppDelegate.swift in Sources */ = {isa = PBXBuildFile; fileRef = BE791E791EB781CC00EC0539 /* AppDelegate.swift */; };
		BE791E811EB781CC00EC0539 /* Assets.xcassets in Resources */ = {isa = PBXBuildFile; fileRef = BE791E801EB781CC00EC0539 /* Assets.xcassets */; };
		BE791E841EB781CC00EC0539 /* LaunchScreen.storyboard in Resources */ = {isa = PBXBuildFile; fileRef = BE791E821EB781CC00EC0539 /* LaunchScreen.storyboard */; };
		BE9158391EBAE6BA007E0BD0 /* TweetCell.swift in Sources */ = {isa = PBXBuildFile; fileRef = BE9158381EBAE6BA007E0BD0 /* TweetCell.swift */; };
		BE91583B1EBAF818007E0BD0 /* Tweet.swift in Sources */ = {isa = PBXBuildFile; fileRef = BE91583A1EBAF818007E0BD0 /* Tweet.swift */; };
		BEA14C1E1EB902C300D50219 /* HomeDataSourceController.swift in Sources */ = {isa = PBXBuildFile; fileRef = BEA14C1D1EB902C300D50219 /* HomeDataSourceController.swift */; };
		BEA14C231EB9097A00D50219 /* UserHeaderFooter.swift in Sources */ = {isa = PBXBuildFile; fileRef = BEA14C221EB9097A00D50219 /* UserHeaderFooter.swift */; };
		BEA14C251EB9099900D50219 /* HomeDatasource.swift in Sources */ = {isa = PBXBuildFile; fileRef = BEA14C241EB9099900D50219 /* HomeDatasource.swift */; };
/* End PBXBuildFile section */

/* Begin PBXFileReference section */
		125D3F8C56E479F0C6B1FF37 /* Pods-Twitter-Clone.release.xcconfig */ = {isa = PBXFileReference; includeInIndex = 1; lastKnownFileType = text.xcconfig; name = "Pods-Twitter-Clone.release.xcconfig"; path = "Pods/Target Support Files/Pods-Twitter-Clone/Pods-Twitter-Clone.release.xcconfig"; sourceTree = "<group>"; };
		6761071B26757C4175E7A9DB /* Pods-Twitter-Clone.debug.xcconfig */ = {isa = PBXFileReference; includeInIndex = 1; lastKnownFileType = text.xcconfig; name = "Pods-Twitter-Clone.debug.xcconfig"; path = "Pods/Target Support Files/Pods-Twitter-Clone/Pods-Twitter-Clone.debug.xcconfig"; sourceTree = "<group>"; };
		7466C0F3BC338AA90A94803C /* Pods_Twitter_Clone.framework */ = {isa = PBXFileReference; explicitFileType = wrapper.framework; includeInIndex = 0; path = Pods_Twitter_Clone.framework; sourceTree = BUILT_PRODUCTS_DIR; };
		BE290E421EBCB1B5007DB504 /* Service.swift */ = {isa = PBXFileReference; fileEncoding = 4; lastKnownFileType = sourcecode.swift; path = Service.swift; sourceTree = "<group>"; };
		BE2A00371EB9A80F001EE9F0 /* User.swift */ = {isa = PBXFileReference; fileEncoding = 4; lastKnownFileType = sourcecode.swift; path = User.swift; sourceTree = "<group>"; };
		BE6C2A061EB9B666002B9CE2 /* UserCell.swift */ = {isa = PBXFileReference; fileEncoding = 4; lastKnownFileType = sourcecode.swift; path = UserCell.swift; sourceTree = "<group>"; };
		BE6C2A081EBA1416002B9CE2 /* HomeDataSourceController+navbar.swift */ = {isa = PBXFileReference; fileEncoding = 4; lastKnownFileType = sourcecode.swift; path = "HomeDataSourceController+navbar.swift"; sourceTree = "<group>"; };
		BE791E761EB781CC00EC0539 /* Twitter-Clone.app */ = {isa = PBXFileReference; explicitFileType = wrapper.application; includeInIndex = 0; path = "Twitter-Clone.app"; sourceTree = BUILT_PRODUCTS_DIR; };
		BE791E791EB781CC00EC0539 /* AppDelegate.swift */ = {isa = PBXFileReference; lastKnownFileType = sourcecode.swift; path = AppDelegate.swift; sourceTree = "<group>"; };
		BE791E801EB781CC00EC0539 /* Assets.xcassets */ = {isa = PBXFileReference; lastKnownFileType = folder.assetcatalog; path = Assets.xcassets; sourceTree = "<group>"; };
		BE791E831EB781CC00EC0539 /* Base */ = {isa = PBXFileReference; lastKnownFileType = file.storyboard; name = Base; path = Base.lproj/LaunchScreen.storyboard; sourceTree = "<group>"; };
		BE791E851EB781CC00EC0539 /* Info.plist */ = {isa = PBXFileReference; lastKnownFileType = text.plist.xml; path = Info.plist; sourceTree = "<group>"; };
		BE9158381EBAE6BA007E0BD0 /* TweetCell.swift */ = {isa = PBXFileReference; fileEncoding = 4; lastKnownFileType = sourcecode.swift; path = TweetCell.swift; sourceTree = "<group>"; };
		BE91583A1EBAF818007E0BD0 /* Tweet.swift */ = {isa = PBXFileReference; fileEncoding = 4; lastKnownFileType = sourcecode.swift; path = Tweet.swift; sourceTree = "<group>"; };
		BEA14C1D1EB902C300D50219 /* HomeDataSourceController.swift */ = {isa = PBXFileReference; fileEncoding = 4; lastKnownFileType = sourcecode.swift; path = HomeDataSourceController.swift; sourceTree = "<group>"; };
		BEA14C221EB9097A00D50219 /* UserHeaderFooter.swift */ = {isa = PBXFileReference; fileEncoding = 4; lastKnownFileType = sourcecode.swift; path = UserHeaderFooter.swift; sourceTree = "<group>"; };
		BEA14C241EB9099900D50219 /* HomeDatasource.swift */ = {isa = PBXFileReference; fileEncoding = 4; lastKnownFileType = sourcecode.swift; path = HomeDatasource.swift; sourceTree = "<group>"; };
/* End PBXFileReference section */

/* Begin PBXFrameworksBuildPhase section */
		BE791E731EB781CC00EC0539 /* Frameworks */ = {
			isa = PBXFrameworksBuildPhase;
			buildActionMask = 2147483647;
			files = (
				3AD5034D8CC2F78DFAA3079A /* Pods_Twitter_Clone.framework in Frameworks */,
			);
			runOnlyForDeploymentPostprocessing = 0;
		};
/* End PBXFrameworksBuildPhase section */

/* Begin PBXGroup section */
		2E2C861BC8C7EC4405012532 /* Pods */ = {
			isa = PBXGroup;
			children = (
				6761071B26757C4175E7A9DB /* Pods-Twitter-Clone.debug.xcconfig */,
				125D3F8C56E479F0C6B1FF37 /* Pods-Twitter-Clone.release.xcconfig */,
			);
			name = Pods;
			sourceTree = "<group>";
		};
		5AE81B039309E5CC3164324B /* Frameworks */ = {
			isa = PBXGroup;
			children = (
				7466C0F3BC338AA90A94803C /* Pods_Twitter_Clone.framework */,
			);
			name = Frameworks;
			sourceTree = "<group>";
		};
		BE290E411EBCB19E007DB504 /* Service */ = {
			isa = PBXGroup;
			children = (
				BE290E421EBCB1B5007DB504 /* Service.swift */,
			);
			name = Service;
			sourceTree = "<group>";
		};
		BE791E6D1EB781CC00EC0539 = {
			isa = PBXGroup;
			children = (
				BE791E781EB781CC00EC0539 /* Twitter-Clone */,
				BE791E771EB781CC00EC0539 /* Products */,
				2E2C861BC8C7EC4405012532 /* Pods */,
				5AE81B039309E5CC3164324B /* Frameworks */,
			);
			sourceTree = "<group>";
		};
		BE791E771EB781CC00EC0539 /* Products */ = {
			isa = PBXGroup;
			children = (
				BE791E761EB781CC00EC0539 /* Twitter-Clone.app */,
			);
			name = Products;
			sourceTree = "<group>";
		};
		BE791E781EB781CC00EC0539 /* Twitter-Clone */ = {
			isa = PBXGroup;
			children = (
				BE290E411EBCB19E007DB504 /* Service */,
				BEA14C211EB9093B00D50219 /* View */,
				BEA14C201EB9091600D50219 /* Model */,
				BEA14C1F1EB9090A00D50219 /* Controller */,
				BE791E791EB781CC00EC0539 /* AppDelegate.swift */,
				BE791E801EB781CC00EC0539 /* Assets.xcassets */,
				BE791E821EB781CC00EC0539 /* LaunchScreen.storyboard */,
				BE791E851EB781CC00EC0539 /* Info.plist */,
			);
			path = "Twitter-Clone";
			sourceTree = "<group>";
		};
		BEA14C1F1EB9090A00D50219 /* Controller */ = {
			isa = PBXGroup;
			children = (
				BEA14C1D1EB902C300D50219 /* HomeDataSourceController.swift */,
				BE6C2A081EBA1416002B9CE2 /* HomeDataSourceController+navbar.swift */,
			);
			name = Controller;
			sourceTree = "<group>";
		};
		BEA14C201EB9091600D50219 /* Model */ = {
			isa = PBXGroup;
			children = (
				BEA14C241EB9099900D50219 /* HomeDatasource.swift */,
				BE2A00371EB9A80F001EE9F0 /* User.swift */,
				BE91583A1EBAF818007E0BD0 /* Tweet.swift */,
			);
			name = Model;
			sourceTree = "<group>";
		};
		BEA14C211EB9093B00D50219 /* View */ = {
			isa = PBXGroup;
			children = (
				BEA14C221EB9097A00D50219 /* UserHeaderFooter.swift */,
				BE6C2A061EB9B666002B9CE2 /* UserCell.swift */,
				BE9158381EBAE6BA007E0BD0 /* TweetCell.swift */,
			);
			name = View;
			sourceTree = "<group>";
		};
/* End PBXGroup section */

/* Begin PBXNativeTarget section */
		BE791E751EB781CC00EC0539 /* Twitter-Clone */ = {
			isa = PBXNativeTarget;
			buildConfigurationList = BE791E881EB781CC00EC0539 /* Build configuration list for PBXNativeTarget "Twitter-Clone" */;
			buildPhases = (
				F2457A704B7F166F8C7992A7 /* [CP] Check Pods Manifest.lock */,
				BE791E721EB781CC00EC0539 /* Sources */,
				BE791E731EB781CC00EC0539 /* Frameworks */,
				BE791E741EB781CC00EC0539 /* Resources */,
				2BF168519BE1A9B84610395A /* [CP] Embed Pods Frameworks */,
				B1BAF6E7F83577D8B83C5270 /* [CP] Copy Pods Resources */,
			);
			buildRules = (
			);
			dependencies = (
			);
			name = "Twitter-Clone";
			productName = "Twitter-Clone";
			productReference = BE791E761EB781CC00EC0539 /* Twitter-Clone.app */;
			productType = "com.apple.product-type.application";
		};
/* End PBXNativeTarget section */

/* Begin PBXProject section */
		BE791E6E1EB781CC00EC0539 /* Project object */ = {
			isa = PBXProject;
			attributes = {
				LastSwiftUpdateCheck = 0830;
				LastUpgradeCheck = 0830;
				ORGANIZATIONNAME = r3d;
				TargetAttributes = {
					BE791E751EB781CC00EC0539 = {
						CreatedOnToolsVersion = 8.3.2;
						DevelopmentTeam = 5XZQ592FBM;
						ProvisioningStyle = Automatic;
					};
				};
			};
			buildConfigurationList = BE791E711EB781CC00EC0539 /* Build configuration list for PBXProject "Twitter-Clone" */;
			compatibilityVersion = "Xcode 3.2";
			developmentRegion = English;
			hasScannedForEncodings = 0;
			knownRegions = (
				en,
				Base,
			);
			mainGroup = BE791E6D1EB781CC00EC0539;
			productRefGroup = BE791E771EB781CC00EC0539 /* Products */;
			projectDirPath = "";
			projectRoot = "";
			targets = (
				BE791E751EB781CC00EC0539 /* Twitter-Clone */,
			);
		};
/* End PBXProject section */

/* Begin PBXResourcesBuildPhase section */
		BE791E741EB781CC00EC0539 /* Resources */ = {
			isa = PBXResourcesBuildPhase;
			buildActionMask = 2147483647;
			files = (
				BE791E841EB781CC00EC0539 /* LaunchScreen.storyboard in Resources */,
				BE791E811EB781CC00EC0539 /* Assets.xcassets in Resources */,
			);
			runOnlyForDeploymentPostprocessing = 0;
		};
/* End PBXResourcesBuildPhase section */

/* Begin PBXShellScriptBuildPhase section */
		2BF168519BE1A9B84610395A /* [CP] Embed Pods Frameworks */ = {
			isa = PBXShellScriptBuildPhase;
			buildActionMask = 2147483647;
			files = (
			);
			inputPaths = (
			);
			name = "[CP] Embed Pods Frameworks";
			outputPaths = (
			);
			runOnlyForDeploymentPostprocessing = 0;
			shellPath = /bin/sh;
			shellScript = "\"${SRCROOT}/Pods/Target Support Files/Pods-Twitter-Clone/Pods-Twitter-Clone-frameworks.sh\"\n";
			showEnvVarsInLog = 0;
		};
		B1BAF6E7F83577D8B83C5270 /* [CP] Copy Pods Resources */ = {
			isa = PBXShellScriptBuildPhase;
			buildActionMask = 2147483647;
			files = (
			);
			inputPaths = (
			);
			name = "[CP] Copy Pods Resources";
			outputPaths = (
			);
			runOnlyForDeploymentPostprocessing = 0;
			shellPath = /bin/sh;
			shellScript = "\"${SRCROOT}/Pods/Target Support Files/Pods-Twitter-Clone/Pods-Twitter-Clone-resources.sh\"\n";
			showEnvVarsInLog = 0;
		};
		F2457A704B7F166F8C7992A7 /* [CP] Check Pods Manifest.lock */ = {
			isa = PBXShellScriptBuildPhase;
			buildActionMask = 2147483647;
			files = (
			);
			inputPaths = (
			);
			name = "[CP] Check Pods Manifest.lock";
			outputPaths = (
			);
			runOnlyForDeploymentPostprocessing = 0;
			shellPath = /bin/sh;
			shellScript = "diff \"${PODS_PODFILE_DIR_PATH}/Podfile.lock\" \"${PODS_ROOT}/Manifest.lock\" > /dev/null\nif [ $? != 0 ] ; then\n    # print error to STDERR\n    echo \"error: The sandbox is not in sync with the Podfile.lock. Run 'pod install' or update your CocoaPods installation.\" >&2\n    exit 1\nfi\n";
			showEnvVarsInLog = 0;
		};
/* End PBXShellScriptBuildPhase section */

/* Begin PBXSourcesBuildPhase section */
		BE791E721EB781CC00EC0539 /* Sources */ = {
			isa = PBXSourcesBuildPhase;
			buildActionMask = 2147483647;
			files = (
				BEA14C251EB9099900D50219 /* HomeDatasource.swift in Sources */,
				BEA14C1E1EB902C300D50219 /* HomeDataSourceController.swift in Sources */,
				BE6C2A071EB9B666002B9CE2 /* UserCell.swift in Sources */,
				BE91583B1EBAF818007E0BD0 /* Tweet.swift in Sources */,
				BE9158391EBAE6BA007E0BD0 /* TweetCell.swift in Sources */,
				BEA14C231EB9097A00D50219 /* UserHeaderFooter.swift in Sources */,
				BE2A00381EB9A80F001EE9F0 /* User.swift in Sources */,
				BE290E431EBCB1B5007DB504 /* Service.swift in Sources */,
				BE791E7A1EB781CC00EC0539 /* AppDelegate.swift in Sources */,
				BE6C2A091EBA1416002B9CE2 /* HomeDataSourceController+navbar.swift in Sources */,
			);
			runOnlyForDeploymentPostprocessing = 0;
		};
/* End PBXSourcesBuildPhase section */

/* Begin PBXVariantGroup section */
		BE791E821EB781CC00EC0539 /* LaunchScreen.storyboard */ = {
			isa = PBXVariantGroup;
			children = (
				BE791E831EB781CC00EC0539 /* Base */,
			);
			name = LaunchScreen.storyboard;
			sourceTree = "<group>";
		};
/* End PBXVariantGroup section */

/* Begin XCBuildConfiguration section */
		BE791E861EB781CC00EC0539 /* Debug */ = {
			isa = XCBuildConfiguration;
			buildSettings = {
				ALWAYS_SEARCH_USER_PATHS = NO;
				CLANG_ANALYZER_NONNULL = YES;
				CLANG_ANALYZER_NUMBER_OBJECT_CONVERSION = YES_AGGRESSIVE;
				CLANG_CXX_LANGUAGE_STANDARD = "gnu++0x";
				CLANG_CXX_LIBRARY = "libc++";
				CLANG_ENABLE_MODULES = YES;
				CLANG_ENABLE_OBJC_ARC = YES;
				CLANG_WARN_BOOL_CONVERSION = YES;
				CLANG_WARN_CONSTANT_CONVERSION = YES;
				CLANG_WARN_DIRECT_OBJC_ISA_USAGE = YES_ERROR;
				CLANG_WARN_DOCUMENTATION_COMMENTS = YES;
				CLANG_WARN_EMPTY_BODY = YES;
				CLANG_WARN_ENUM_CONVERSION = YES;
				CLANG_WARN_INFINITE_RECURSION = YES;
				CLANG_WARN_INT_CONVERSION = YES;
				CLANG_WARN_OBJC_ROOT_CLASS = YES_ERROR;
				CLANG_WARN_SUSPICIOUS_MOVE = YES;
				CLANG_WARN_UNREACHABLE_CODE = YES;
				CLANG_WARN__DUPLICATE_METHOD_MATCH = YES;
				"CODE_SIGN_IDENTITY[sdk=iphoneos*]" = "iPhone Developer";
				COPY_PHASE_STRIP = NO;
				DEBUG_INFORMATION_FORMAT = dwarf;
				ENABLE_STRICT_OBJC_MSGSEND = YES;
				ENABLE_TESTABILITY = YES;
				GCC_C_LANGUAGE_STANDARD = gnu99;
				GCC_DYNAMIC_NO_PIC = NO;
				GCC_NO_COMMON_BLOCKS = YES;
				GCC_OPTIMIZATION_LEVEL = 0;
				GCC_PREPROCESSOR_DEFINITIONS = (
					"DEBUG=1",
					"$(inherited)",
				);
				GCC_WARN_64_TO_32_BIT_CONVERSION = YES;
				GCC_WARN_ABOUT_RETURN_TYPE = YES_ERROR;
				GCC_WARN_UNDECLARED_SELECTOR = YES;
				GCC_WARN_UNINITIALIZED_AUTOS = YES_AGGRESSIVE;
				GCC_WARN_UNUSED_FUNCTION = YES;
				GCC_WARN_UNUSED_VARIABLE = YES;
				IPHONEOS_DEPLOYMENT_TARGET = 10.3;
				MTL_ENABLE_DEBUG_INFO = YES;
				ONLY_ACTIVE_ARCH = YES;
				SDKROOT = iphoneos;
				SWIFT_ACTIVE_COMPILATION_CONDITIONS = DEBUG;
				SWIFT_OPTIMIZATION_LEVEL = "-Onone";
				TARGETED_DEVICE_FAMILY = "1,2";
			};
			name = Debug;
		};
		BE791E871EB781CC00EC0539 /* Release */ = {
			isa = XCBuildConfiguration;
			buildSettings = {
				ALWAYS_SEARCH_USER_PATHS = NO;
				CLANG_ANALYZER_NONNULL = YES;
				CLANG_ANALYZER_NUMBER_OBJECT_CONVERSION = YES_AGGRESSIVE;
				CLANG_CXX_LANGUAGE_STANDARD = "gnu++0x";
				CLANG_CXX_LIBRARY = "libc++";
				CLANG_ENABLE_MODULES = YES;
				CLANG_ENABLE_OBJC_ARC = YES;
				CLANG_WARN_BOOL_CONVERSION = YES;
				CLANG_WARN_CONSTANT_CONVERSION = YES;
				CLANG_WARN_DIRECT_OBJC_ISA_USAGE = YES_ERROR;
				CLANG_WARN_DOCUMENTATION_COMMENTS = YES;
				CLANG_WARN_EMPTY_BODY = YES;
				CLANG_WARN_ENUM_CONVERSION = YES;
				CLANG_WARN_INFINITE_RECURSION = YES;
				CLANG_WARN_INT_CONVERSION = YES;
				CLANG_WARN_OBJC_ROOT_CLASS = YES_ERROR;
				CLANG_WARN_SUSPICIOUS_MOVE = YES;
				CLANG_WARN_UNREACHABLE_CODE = YES;
				CLANG_WARN__DUPLICATE_METHOD_MATCH = YES;
				"CODE_SIGN_IDENTITY[sdk=iphoneos*]" = "iPhone Developer";
				COPY_PHASE_STRIP = NO;
				DEBUG_INFORMATION_FORMAT = "dwarf-with-dsym";
				ENABLE_NS_ASSERTIONS = NO;
				ENABLE_STRICT_OBJC_MSGSEND = YES;
				GCC_C_LANGUAGE_STANDARD = gnu99;
				GCC_NO_COMMON_BLOCKS = YES;
				GCC_WARN_64_TO_32_BIT_CONVERSION = YES;
				GCC_WARN_ABOUT_RETURN_TYPE = YES_ERROR;
				GCC_WARN_UNDECLARED_SELECTOR = YES;
				GCC_WARN_UNINITIALIZED_AUTOS = YES_AGGRESSIVE;
				GCC_WARN_UNUSED_FUNCTION = YES;
				GCC_WARN_UNUSED_VARIABLE = YES;
				IPHONEOS_DEPLOYMENT_TARGET = 10.3;
				MTL_ENABLE_DEBUG_INFO = NO;
				SDKROOT = iphoneos;
				SWIFT_OPTIMIZATION_LEVEL = "-Owholemodule";
				TARGETED_DEVICE_FAMILY = "1,2";
				VALIDATE_PRODUCT = YES;
			};
			name = Release;
		};
		BE791E891EB781CC00EC0539 /* Debug */ = {
			isa = XCBuildConfiguration;
			baseConfigurationReference = 6761071B26757C4175E7A9DB /* Pods-Twitter-Clone.debug.xcconfig */;
			buildSettings = {
				ASSETCATALOG_COMPILER_APPICON_NAME = AppIcon;
				DEVELOPMENT_TEAM = 5XZQ592FBM;
				INFOPLIST_FILE = "Twitter-Clone/Info.plist";
				LD_RUNPATH_SEARCH_PATHS = "$(inherited) @executable_path/Frameworks";
				PRODUCT_BUNDLE_IDENTIFIER = "com.r3dm4n.Twitter-Clone";
				PRODUCT_NAME = "$(TARGET_NAME)";
				SWIFT_VERSION = 3.0;
			};
			name = Debug;
		};
		BE791E8A1EB781CC00EC0539 /* Release */ = {
			isa = XCBuildConfiguration;
			baseConfigurationReference = 125D3F8C56E479F0C6B1FF37 /* Pods-Twitter-Clone.release.xcconfig */;
			buildSettings = {
				ASSETCATALOG_COMPILER_APPICON_NAME = AppIcon;
				DEVELOPMENT_TEAM = 5XZQ592FBM;
				INFOPLIST_FILE = "Twitter-Clone/Info.plist";
				LD_RUNPATH_SEARCH_PATHS = "$(inherited) @executable_path/Frameworks";
				PRODUCT_BUNDLE_IDENTIFIER = "com.r3dm4n.Twitter-Clone";
				PRODUCT_NAME = "$(TARGET_NAME)";
				SWIFT_VERSION = 3.0;
			};
			name = Release;
		};
/* End XCBuildConfiguration section */

/* Begin XCConfigurationList section */
		BE791E711EB781CC00EC0539 /* Build configuration list for PBXProject "Twitter-Clone" */ = {
			isa = XCConfigurationList;
			buildConfigurations = (
				BE791E861EB781CC00EC0539 /* Debug */,
				BE791E871EB781CC00EC0539 /* Release */,
			);
			defaultConfigurationIsVisible = 0;
			defaultConfigurationName = Release;
		};
		BE791E881EB781CC00EC0539 /* Build configuration list for PBXNativeTarget "Twitter-Clone" */ = {
			isa = XCConfigurationList;
			buildConfigurations = (
				BE791E891EB781CC00EC0539 /* Debug */,
				BE791E8A1EB781CC00EC0539 /* Release */,
			);
			defaultConfigurationIsVisible = 0;
			defaultConfigurationName = Release;
		};
/* End XCConfigurationList section */
	};
	rootObject = BE791E6E1EB781CC00EC0539 /* Project object */;
}
